{
  "object": {
    "pins": [
      {
        "package": "Requestable",
        "repositoryURL": "https://github.com/JasonLighthunter/Requestable.git",
        "state": {
          "branch": null,
          "revision": "b8691cc0836c767c7ab534e7ef9e994892b94392",
          "version": "1.0.0"
        }
      }
    ]
  },
  "version": 1
}
